
Microsoft Visual Studio Solution File, Format Version 12.00
# Visual Studio 15
VisualStudioVersion = 15.0.26124.0
MinimumVisualStudioVersion = 15.0.26124.0
Project("{2150E333-8FDC-42A3-9474-1A3956D46DE8}") = "src", "src", "{B7DE6834-3BC7-4242-97D1-68E51D9B48A9}"
EndProject
Project("{FAE04EC0-301F-11D3-BF4B-00C04F79EFBC}") = "Boids.Demo", "src\Boids.Demo\Boids.Demo.csproj", "{478944C8-ECAB-425F-AFD5-213E82F99D51}"
EndProject
Project("{FAE04EC0-301F-11D3-BF4B-00C04F79EFBC}") = "Boids.Simulation", "src\Boids.Simulation\Boids.Simulation.csproj", "{93D90A94-9A5C-48F4-A994-312EBD682BB6}"
EndProject
Project("{2150E333-8FDC-42A3-9474-1A3956D46DE8}") = "test", "test", "{74BEAF7A-53E3-4229-B554-D2FDED5AA937}"
EndProject
Project("{FAE04EC0-301F-11D3-BF4B-00C04F79EFBC}") = "Boids.Simulation.Facts", "test\Boids.Simulation.Facts\Boids.Simulation.Facts.csproj", "{99EF09EF-1549-42F7-B9BB-C79F676069BF}"
EndProject
Global
	GlobalSection(SolutionConfigurationPlatforms) = preSolution
		Debug|Any CPU = Debug|Any CPU
		Debug|x64 = Debug|x64
		Debug|x86 = Debug|x86
		Release|Any CPU = Release|Any CPU
		Release|x64 = Release|x64
		Release|x86 = Release|x86
	EndGlobalSection
	GlobalSection(SolutionProperties) = preSolution
		HideSolutionNode = FALSE
	EndGlobalSection
	GlobalSection(ProjectConfigurationPlatforms) = postSolution
		{478944C8-ECAB-425F-AFD5-213E82F99D51}.Debug|Any CPU.ActiveCfg = Debug|Any CPU
		{478944C8-ECAB-425F-AFD5-213E82F99D51}.Debug|Any CPU.Build.0 = Debug|Any CPU
		{478944C8-ECAB-425F-AFD5-213E82F99D51}.Debug|x64.ActiveCfg = Debug|Any CPU
		{478944C8-ECAB-425F-AFD5-213E82F99D51}.Debug|x64.Build.0 = Debug|Any CPU
		{478944C8-ECAB-425F-AFD5-213E82F99D51}.Debug|x86.ActiveCfg = Debug|Any CPU
		{478944C8-ECAB-425F-AFD5-213E82F99D51}.Debug|x86.Build.0 = Debug|Any CPU
		{478944C8-ECAB-425F-AFD5-213E82F99D51}.Release|Any CPU.ActiveCfg = Release|Any CPU
		{478944C8-ECAB-425F-AFD5-213E82F99D51}.Release|Any CPU.Build.0 = Release|Any CPU
		{478944C8-ECAB-425F-AFD5-213E82F99D51}.Release|x64.ActiveCfg = Release|Any CPU
		{478944C8-ECAB-425F-AFD5-213E82F99D51}.Release|x64.Build.0 = Release|Any CPU
		{478944C8-ECAB-425F-AFD5-213E82F99D51}.Release|x86.ActiveCfg = Release|Any CPU
		{478944C8-ECAB-425F-AFD5-213E82F99D51}.Release|x86.Build.0 = Release|Any CPU
		{93D90A94-9A5C-48F4-A994-312EBD682BB6}.Debug|Any CPU.ActiveCfg = Debug|Any CPU
		{93D90A94-9A5C-48F4-A994-312EBD682BB6}.Debug|Any CPU.Build.0 = Debug|Any CPU
		{93D90A94-9A5C-48F4-A994-312EBD682BB6}.Debug|x64.ActiveCfg = Debug|Any CPU
		{93D90A94-9A5C-48F4-A994-312EBD682BB6}.Debug|x64.Build.0 = Debug|Any CPU
		{93D90A94-9A5C-48F4-A994-312EBD682BB6}.Debug|x86.ActiveCfg = Debug|Any CPU
		{93D90A94-9A5C-48F4-A994-312EBD682BB6}.Debug|x86.Build.0 = Debug|Any CPU
		{93D90A94-9A5C-48F4-A994-312EBD682BB6}.Release|Any CPU.ActiveCfg = Release|Any CPU
		{93D90A94-9A5C-48F4-A994-312EBD682BB6}.Release|Any CPU.Build.0 = Release|Any CPU
		{93D90A94-9A5C-48F4-A994-312EBD682BB6}.Release|x64.ActiveCfg = Release|Any CPU
		{93D90A94-9A5C-48F4-A994-312EBD682BB6}.Release|x64.Build.0 = Release|Any CPU
		{93D90A94-9A5C-48F4-A994-312EBD682BB6}.Release|x86.ActiveCfg = Release|Any CPU
		{93D90A94-9A5C-48F4-A994-312EBD682BB6}.Release|x86.Build.0 = Release|Any CPU
		{99EF09EF-1549-42F7-B9BB-C79F676069BF}.Debug|Any CPU.ActiveCfg = Debug|Any CPU
		{99EF09EF-1549-42F7-B9BB-C79F676069BF}.Debug|Any CPU.Build.0 = Debug|Any CPU
		{99EF09EF-1549-42F7-B9BB-C79F676069BF}.Debug|x64.ActiveCfg = Debug|Any CPU
		{99EF09EF-1549-42F7-B9BB-C79F676069BF}.Debug|x64.Build.0 = Debug|Any CPU
		{99EF09EF-1549-42F7-B9BB-C79F676069BF}.Debug|x86.ActiveCfg = Debug|Any CPU
		{99EF09EF-1549-42F7-B9BB-C79F676069BF}.Debug|x86.Build.0 = Debug|Any CPU
		{99EF09EF-1549-42F7-B9BB-C79F676069BF}.Release|Any CPU.ActiveCfg = Release|Any CPU
		{99EF09EF-1549-42F7-B9BB-C79F676069BF}.Release|Any CPU.Build.0 = Release|Any CPU
		{99EF09EF-1549-42F7-B9BB-C79F676069BF}.Release|x64.ActiveCfg = Release|Any CPU
		{99EF09EF-1549-42F7-B9BB-C79F676069BF}.Release|x64.Build.0 = Release|Any CPU
		{99EF09EF-1549-42F7-B9BB-C79F676069BF}.Release|x86.ActiveCfg = Release|Any CPU
		{99EF09EF-1549-42F7-B9BB-C79F676069BF}.Release|x86.Build.0 = Release|Any CPU
	EndGlobalSection
	GlobalSection(NestedProjects) = preSolution
		{478944C8-ECAB-425F-AFD5-213E82F99D51} = {B7DE6834-3BC7-4242-97D1-68E51D9B48A9}
		{93D90A94-9A5C-48F4-A994-312EBD682BB6} = {B7DE6834-3BC7-4242-97D1-68E51D9B48A9}
		{99EF09EF-1549-42F7-B9BB-C79F676069BF} = {74BEAF7A-53E3-4229-B554-D2FDED5AA937}
	EndGlobalSection
EndGlobal
